
Microsoft Visual Studio Solution File, Format Version 12.00
# Visual Studio Version 17
VisualStudioVersion = 17.2.32630.192
MinimumVisualStudioVersion = 10.0.40219.1
Project("{2150E333-8FDC-42A3-9474-1A3956D46DE8}") = "FrontEnd", "FrontEnd", "{8B7FB46D-44DC-4117-9E85-353A6969EEB6}"
EndProject
Project("{9A19103F-16F7-4668-BE54-9A1E7A4F7556}") = "GeekShopping.Web", "GeekShopping.Web\GeekShopping.Web.csproj", "{65B950DF-F019-4A05-89AA-51229D9B1109}"
EndProject
Project("{2150E333-8FDC-42A3-9474-1A3956D46DE8}") = "Services", "Services", "{15CA3239-E4D5-4150-A85E-171CB354FCC0}"
EndProject
Project("{9A19103F-16F7-4668-BE54-9A1E7A4F7556}") = "GeekShopping.ProductApi", "GeekShopping.ProductApi\GeekShopping.ProductApi.csproj", "{E564B5EE-C0FE-4C87-B354-B91757E1AFA0}"
EndProject
Project("{9A19103F-16F7-4668-BE54-9A1E7A4F7556}") = "GeekShopping.IdentityServer", "GeekShopping.IdentityServer\GeekShopping.IdentityServer.csproj", "{595481A6-E96A-4E0F-8BC0-9D0C830BD437}"
EndProject
Project("{9A19103F-16F7-4668-BE54-9A1E7A4F7556}") = "GeekShopping.CartAPI", "GeekShopping.CartAPI\GeekShopping.CartAPI.csproj", "{398CA3C3-F5F4-4FF3-94AE-32658661A5E3}"
EndProject
Project("{FAE04EC0-301F-11D3-BF4B-00C04F79EFBC}") = "GeekShopping.CouponAPI", "GeekShopping.CouponAPI\GeekShopping.CouponAPI.csproj", "{570F7668-D9B9-4478-B82E-A300DA7383BC}"
EndProject
Project("{2150E333-8FDC-42A3-9474-1A3956D46DE8}") = "Integration", "Integration", "{9C030FE7-1717-4B07-9B3B-5EF1814A87CC}"
EndProject
Project("{FAE04EC0-301F-11D3-BF4B-00C04F79EFBC}") = "GeekShopping.MessageBus", "GeekShopping.MessageBus\GeekShopping.MessageBus.csproj", "{21A2EE42-2ED7-4E4F-9374-70D8D013D2A6}"
EndProject
Project("{FAE04EC0-301F-11D3-BF4B-00C04F79EFBC}") = "GeekShopping.OrderAPI", "GeekShopping.OrderAPI\GeekShopping.OrderAPI.csproj", "{18AF1608-C548-4FA1-B44E-0F16C0AAAA84}"
EndProject
Project("{2150E333-8FDC-42A3-9474-1A3956D46DE8}") = "Payments", "Payments", "{4D1CCEE5-0A87-4545-9998-8047DCC04E3B}"
EndProject
Project("{FAE04EC0-301F-11D3-BF4B-00C04F79EFBC}") = "GeekShopping.PaymentProcessor", "GeekShopping.PaymentProcessor\GeekShopping.PaymentProcessor.csproj", "{7B31516D-A952-4E6E-AD8E-D47502ECA0F2}"
EndProject
Project("{9A19103F-16F7-4668-BE54-9A1E7A4F7556}") = "GeekShoppingPaymentAPI", "GeekShoppingPaymentAPI\GeekShoppingPaymentAPI.csproj", "{BABA51DC-BD57-4BD9-9345-C567285FEAB5}"
EndProject
Project("{9A19103F-16F7-4668-BE54-9A1E7A4F7556}") = "GeekShopping.Email", "GeekShopping.Email\GeekShopping.Email.csproj", "{01536534-DA72-470C-BD28-418A151CA0B2}"
EndProject
Project("{2150E333-8FDC-42A3-9474-1A3956D46DE8}") = "Gateway", "Gateway", "{B97635F9-80B1-484E-BF2C-AFF12BB270A9}"
EndProject
Project("{FAE04EC0-301F-11D3-BF4B-00C04F79EFBC}") = "GeekShopping.APIGateway", "GeekShopping.APIGateway\GeekShopping.APIGateway.csproj", "{2FD654A2-02ED-4A74-850C-E70C8C841E8D}"
EndProject
Global
	GlobalSection(SolutionConfigurationPlatforms) = preSolution
		Debug|Any CPU = Debug|Any CPU
		Release|Any CPU = Release|Any CPU
	EndGlobalSection
	GlobalSection(ProjectConfigurationPlatforms) = postSolution
		{65B950DF-F019-4A05-89AA-51229D9B1109}.Debug|Any CPU.ActiveCfg = Debug|Any CPU
		{65B950DF-F019-4A05-89AA-51229D9B1109}.Debug|Any CPU.Build.0 = Debug|Any CPU
		{65B950DF-F019-4A05-89AA-51229D9B1109}.Release|Any CPU.ActiveCfg = Release|Any CPU
		{65B950DF-F019-4A05-89AA-51229D9B1109}.Release|Any CPU.Build.0 = Release|Any CPU
		{E564B5EE-C0FE-4C87-B354-B91757E1AFA0}.Debug|Any CPU.ActiveCfg = Debug|Any CPU
		{E564B5EE-C0FE-4C87-B354-B91757E1AFA0}.Debug|Any CPU.Build.0 = Debug|Any CPU
		{E564B5EE-C0FE-4C87-B354-B91757E1AFA0}.Release|Any CPU.ActiveCfg = Release|Any CPU
		{E564B5EE-C0FE-4C87-B354-B91757E1AFA0}.Release|Any CPU.Build.0 = Release|Any CPU
		{595481A6-E96A-4E0F-8BC0-9D0C830BD437}.Debug|Any CPU.ActiveCfg = Debug|Any CPU
		{595481A6-E96A-4E0F-8BC0-9D0C830BD437}.Debug|Any CPU.Build.0 = Debug|Any CPU
		{595481A6-E96A-4E0F-8BC0-9D0C830BD437}.Release|Any CPU.ActiveCfg = Release|Any CPU
		{595481A6-E96A-4E0F-8BC0-9D0C830BD437}.Release|Any CPU.Build.0 = Release|Any CPU
		{398CA3C3-F5F4-4FF3-94AE-32658661A5E3}.Debug|Any CPU.ActiveCfg = Debug|Any CPU
		{398CA3C3-F5F4-4FF3-94AE-32658661A5E3}.Debug|Any CPU.Build.0 = Debug|Any CPU
		{398CA3C3-F5F4-4FF3-94AE-32658661A5E3}.Release|Any CPU.ActiveCfg = Release|Any CPU
		{398CA3C3-F5F4-4FF3-94AE-32658661A5E3}.Release|Any CPU.Build.0 = Release|Any CPU
		{570F7668-D9B9-4478-B82E-A300DA7383BC}.Debug|Any CPU.ActiveCfg = Debug|Any CPU
		{570F7668-D9B9-4478-B82E-A300DA7383BC}.Debug|Any CPU.Build.0 = Debug|Any CPU
		{570F7668-D9B9-4478-B82E-A300DA7383BC}.Release|Any CPU.ActiveCfg = Release|Any CPU
		{570F7668-D9B9-4478-B82E-A300DA7383BC}.Release|Any CPU.Build.0 = Release|Any CPU
		{21A2EE42-2ED7-4E4F-9374-70D8D013D2A6}.Debug|Any CPU.ActiveCfg = Debug|Any CPU
		{21A2EE42-2ED7-4E4F-9374-70D8D013D2A6}.Debug|Any CPU.Build.0 = Debug|Any CPU
		{21A2EE42-2ED7-4E4F-9374-70D8D013D2A6}.Release|Any CPU.ActiveCfg = Release|Any CPU
		{21A2EE42-2ED7-4E4F-9374-70D8D013D2A6}.Release|Any CPU.Build.0 = Release|Any CPU
		{18AF1608-C548-4FA1-B44E-0F16C0AAAA84}.Debug|Any CPU.ActiveCfg = Debug|Any CPU
		{18AF1608-C548-4FA1-B44E-0F16C0AAAA84}.Debug|Any CPU.Build.0 = Debug|Any CPU
		{18AF1608-C548-4FA1-B44E-0F16C0AAAA84}.Release|Any CPU.ActiveCfg = Release|Any CPU
		{18AF1608-C548-4FA1-B44E-0F16C0AAAA84}.Release|Any CPU.Build.0 = Release|Any CPU
		{7B31516D-A952-4E6E-AD8E-D47502ECA0F2}.Debug|Any CPU.ActiveCfg = Debug|Any CPU
		{7B31516D-A952-4E6E-AD8E-D47502ECA0F2}.Debug|Any CPU.Build.0 = Debug|Any CPU
		{7B31516D-A952-4E6E-AD8E-D47502ECA0F2}.Release|Any CPU.ActiveCfg = Release|Any CPU
		{7B31516D-A952-4E6E-AD8E-D47502ECA0F2}.Release|Any CPU.Build.0 = Release|Any CPU
		{BABA51DC-BD57-4BD9-9345-C567285FEAB5}.Debug|Any CPU.ActiveCfg = Debug|Any CPU
		{BABA51DC-BD57-4BD9-9345-C567285FEAB5}.Debug|Any CPU.Build.0 = Debug|Any CPU
		{BABA51DC-BD57-4BD9-9345-C567285FEAB5}.Release|Any CPU.ActiveCfg = Release|Any CPU
		{BABA51DC-BD57-4BD9-9345-C567285FEAB5}.Release|Any CPU.Build.0 = Release|Any CPU
		{01536534-DA72-470C-BD28-418A151CA0B2}.Debug|Any CPU.ActiveCfg = Debug|Any CPU
		{01536534-DA72-470C-BD28-418A151CA0B2}.Debug|Any CPU.Build.0 = Debug|Any CPU
		{01536534-DA72-470C-BD28-418A151CA0B2}.Release|Any CPU.ActiveCfg = Release|Any CPU
		{01536534-DA72-470C-BD28-418A151CA0B2}.Release|Any CPU.Build.0 = Release|Any CPU
		{2FD654A2-02ED-4A74-850C-E70C8C841E8D}.Debug|Any CPU.ActiveCfg = Debug|Any CPU
		{2FD654A2-02ED-4A74-850C-E70C8C841E8D}.Debug|Any CPU.Build.0 = Debug|Any CPU
		{2FD654A2-02ED-4A74-850C-E70C8C841E8D}.Release|Any CPU.ActiveCfg = Release|Any CPU
		{2FD654A2-02ED-4A74-850C-E70C8C841E8D}.Release|Any CPU.Build.0 = Release|Any CPU
	EndGlobalSection
	GlobalSection(SolutionProperties) = preSolution
		HideSolutionNode = FALSE
	EndGlobalSection
	GlobalSection(NestedProjects) = preSolution
		{65B950DF-F019-4A05-89AA-51229D9B1109} = {8B7FB46D-44DC-4117-9E85-353A6969EEB6}
		{E564B5EE-C0FE-4C87-B354-B91757E1AFA0} = {15CA3239-E4D5-4150-A85E-171CB354FCC0}
		{595481A6-E96A-4E0F-8BC0-9D0C830BD437} = {15CA3239-E4D5-4150-A85E-171CB354FCC0}
		{398CA3C3-F5F4-4FF3-94AE-32658661A5E3} = {15CA3239-E4D5-4150-A85E-171CB354FCC0}
		{570F7668-D9B9-4478-B82E-A300DA7383BC} = {15CA3239-E4D5-4150-A85E-171CB354FCC0}
		{21A2EE42-2ED7-4E4F-9374-70D8D013D2A6} = {9C030FE7-1717-4B07-9B3B-5EF1814A87CC}
		{18AF1608-C548-4FA1-B44E-0F16C0AAAA84} = {15CA3239-E4D5-4150-A85E-171CB354FCC0}
		{7B31516D-A952-4E6E-AD8E-D47502ECA0F2} = {4D1CCEE5-0A87-4545-9998-8047DCC04E3B}
		{BABA51DC-BD57-4BD9-9345-C567285FEAB5} = {15CA3239-E4D5-4150-A85E-171CB354FCC0}
		{01536534-DA72-470C-BD28-418A151CA0B2} = {15CA3239-E4D5-4150-A85E-171CB354FCC0}
		{2FD654A2-02ED-4A74-850C-E70C8C841E8D} = {B97635F9-80B1-484E-BF2C-AFF12BB270A9}
	EndGlobalSection
	GlobalSection(ExtensibilityGlobals) = postSolution
		SolutionGuid = {04AF2432-A323-4C68-BBE3-6CD52C05E9D9}
	EndGlobalSection
EndGlobal
